// !$*UTF8*$!
{
	archiveVersion = 1;
	classes = {
	};
	objectVersion = 56;
	objects = {

/* Begin PBXBuildFile section */
		04CD12702947042B003ABE5D /* AppDelegate.swift in Sources */ = {isa = PBXBuildFile; fileRef = 04CD126F2947042B003ABE5D /* AppDelegate.swift */; };
		04CD12722947042B003ABE5D /* SceneDelegate.swift in Sources */ = {isa = PBXBuildFile; fileRef = 04CD12712947042B003ABE5D /* SceneDelegate.swift */; };
		04CD12742947042B003ABE5D /* ViewController.swift in Sources */ = {isa = PBXBuildFile; fileRef = 04CD12732947042B003ABE5D /* ViewController.swift */; };
		04CD12772947042B003ABE5D /* Main.storyboard in Resources */ = {isa = PBXBuildFile; fileRef = 04CD12752947042B003ABE5D /* Main.storyboard */; };
		04CD12792947042C003ABE5D /* Assets.xcassets in Resources */ = {isa = PBXBuildFile; fileRef = 04CD12782947042C003ABE5D /* Assets.xcassets */; };
		04CD127C2947042C003ABE5D /* LaunchScreen.storyboard in Resources */ = {isa = PBXBuildFile; fileRef = 04CD127A2947042C003ABE5D /* LaunchScreen.storyboard */; };
		04CD12852947046F003ABE5D /* XHTagView.swift in Sources */ = {isa = PBXBuildFile; fileRef = 04CD12842947046F003ABE5D /* XHTagView.swift */; };
		04CD1287294714DB003ABE5D /* demo.gif in Resources */ = {isa = PBXBuildFile; fileRef = 04CD1286294714DB003ABE5D /* demo.gif */; };
		3C0B67165671A73CEA623A11 /* Pods_IrregularTag.framework in Frameworks */ = {isa = PBXBuildFile; fileRef = F0AB3115FCB44C93CDF88BE1 /* Pods_IrregularTag.framework */; };
/* End PBXBuildFile section */

/* Begin PBXFileReference section */
		04CD126C2947042B003ABE5D /* IrregularTag.app */ = {isa = PBXFileReference; explicitFileType = wrapper.application; includeInIndex = 0; path = IrregularTag.app; sourceTree = BUILT_PRODUCTS_DIR; };
		04CD126F2947042B003ABE5D /* AppDelegate.swift */ = {isa = PBXFileReference; lastKnownFileType = sourcecode.swift; path = AppDelegate.swift; sourceTree = "<group>"; };
		04CD12712947042B003ABE5D /* SceneDelegate.swift */ = {isa = PBXFileReference; lastKnownFileType = sourcecode.swift; path = SceneDelegate.swift; sourceTree = "<group>"; };
		04CD12732947042B003ABE5D /* ViewController.swift */ = {isa = PBXFileReference; lastKnownFileType = sourcecode.swift; path = ViewController.swift; sourceTree = "<group>"; };
		04CD12762947042B003ABE5D /* Base */ = {isa = PBXFileReference; lastKnownFileType = file.storyboard; name = Base; path = Base.lproj/Main.storyboard; sourceTree = "<group>"; };
		04CD12782947042C003ABE5D /* Assets.xcassets */ = {isa = PBXFileReference; lastKnownFileType = folder.assetcatalog; path = Assets.xcassets; sourceTree = "<group>"; };
		04CD127B2947042C003ABE5D /* Base */ = {isa = PBXFileReference; lastKnownFileType = file.storyboard; name = Base; path = Base.lproj/LaunchScreen.storyboard; sourceTree = "<group>"; };
		04CD127D2947042C003ABE5D /* Info.plist */ = {isa = PBXFileReference; lastKnownFileType = text.plist.xml; path = Info.plist; sourceTree = "<group>"; };
		04CD12842947046F003ABE5D /* XHTagView.swift */ = {isa = PBXFileReference; fileEncoding = 4; lastKnownFileType = sourcecode.swift; path = XHTagView.swift; sourceTree = "<group>"; };
		04CD1286294714DB003ABE5D /* demo.gif */ = {isa = PBXFileReference; lastKnownFileType = image.gif; path = demo.gif; sourceTree = "<group>"; };
		34565A366D32566561269890 /* Pods-IrregularTag.debug.xcconfig */ = {isa = PBXFileReference; includeInIndex = 1; lastKnownFileType = text.xcconfig; name = "Pods-IrregularTag.debug.xcconfig"; path = "Target Support Files/Pods-IrregularTag/Pods-IrregularTag.debug.xcconfig"; sourceTree = "<group>"; };
		917C38F368BB609F963E963E /* Pods-IrregularTag.release.xcconfig */ = {isa = PBXFileReference; includeInIndex = 1; lastKnownFileType = text.xcconfig; name = "Pods-IrregularTag.release.xcconfig"; path = "Target Support Files/Pods-IrregularTag/Pods-IrregularTag.release.xcconfig"; sourceTree = "<group>"; };
		F0AB3115FCB44C93CDF88BE1 /* Pods_IrregularTag.framework */ = {isa = PBXFileReference; explicitFileType = wrapper.framework; includeInIndex = 0; path = Pods_IrregularTag.framework; sourceTree = BUILT_PRODUCTS_DIR; };
/* End PBXFileReference section */

/* Begin PBXFrameworksBuildPhase section */
		04CD12692947042B003ABE5D /* Frameworks */ = {
			isa = PBXFrameworksBuildPhase;
			buildActionMask = 2147483647;
			files = (
				3C0B67165671A73CEA623A11 /* Pods_IrregularTag.framework in Frameworks */,
			);
			runOnlyForDeploymentPostprocessing = 0;
		};
/* End PBXFrameworksBuildPhase section */

/* Begin PBXGroup section */
		04CD12632947042B003ABE5D = {
			isa = PBXGroup;
			children = (
				04CD126E2947042B003ABE5D /* IrregularTag */,
				04CD126D2947042B003ABE5D /* Products */,
				B40FF8915D1BFDF813B4EF79 /* Pods */,
				22479168D7909958E2C07AEB /* Frameworks */,
			);
			sourceTree = "<group>";
		};
		04CD126D2947042B003ABE5D /* Products */ = {
			isa = PBXGroup;
			children = (
				04CD126C2947042B003ABE5D /* IrregularTag.app */,
			);
			name = Products;
			sourceTree = "<group>";
		};
		04CD126E2947042B003ABE5D /* IrregularTag */ = {
			isa = PBXGroup;
			children = (
				04CD128329470452003ABE5D /* XHTagView */,
				04CD12732947042B003ABE5D /* ViewController.swift */,
				04CD126F2947042B003ABE5D /* AppDelegate.swift */,
				04CD12712947042B003ABE5D /* SceneDelegate.swift */,
				04CD1286294714DB003ABE5D /* demo.gif */,
				04CD12752947042B003ABE5D /* Main.storyboard */,
				04CD12782947042C003ABE5D /* Assets.xcassets */,
				04CD127A2947042C003ABE5D /* LaunchScreen.storyboard */,
				04CD127D2947042C003ABE5D /* Info.plist */,
			);
			path = IrregularTag;
			sourceTree = "<group>";
		};
		04CD128329470452003ABE5D /* XHTagView */ = {
			isa = PBXGroup;
			children = (
				04CD12842947046F003ABE5D /* XHTagView.swift */,
			);
			path = XHTagView;
			sourceTree = "<group>";
		};
		22479168D7909958E2C07AEB /* Frameworks */ = {
			isa = PBXGroup;
			children = (
				F0AB3115FCB44C93CDF88BE1 /* Pods_IrregularTag.framework */,
			);
			name = Frameworks;
			sourceTree = "<group>";
		};
		B40FF8915D1BFDF813B4EF79 /* Pods */ = {
			isa = PBXGroup;
			children = (
				34565A366D32566561269890 /* Pods-IrregularTag.debug.xcconfig */,
				917C38F368BB609F963E963E /* Pods-IrregularTag.release.xcconfig */,
			);
			path = Pods;
			sourceTree = "<group>";
		};
/* End PBXGroup section */

/* Begin PBXNativeTarget section */
		04CD126B2947042B003ABE5D /* IrregularTag */ = {
			isa = PBXNativeTarget;
			buildConfigurationList = 04CD12802947042C003ABE5D /* Build configuration list for PBXNativeTarget "IrregularTag" */;
			buildPhases = (
				33230AB0EB93FE5DC69EB3ED /* [CP] Check Pods Manifest.lock */,
				04CD12682947042B003ABE5D /* Sources */,
				04CD12692947042B003ABE5D /* Frameworks */,
				04CD126A2947042B003ABE5D /* Resources */,
				2FD26E77AE6C52475BF85FB0 /* [CP] Embed Pods Frameworks */,
			);
			buildRules = (
			);
			dependencies = (
			);
			name = IrregularTag;
			productName = IrregularTag;
			productReference = 04CD126C2947042B003ABE5D /* IrregularTag.app */;
			productType = "com.apple.product-type.application";
		};
/* End PBXNativeTarget section */

/* Begin PBXProject section */
		04CD12642947042B003ABE5D /* Project object */ = {
			isa = PBXProject;
			attributes = {
				BuildIndependentTargetsInParallel = 1;
				LastSwiftUpdateCheck = 1410;
				LastUpgradeCheck = 1410;
				TargetAttributes = {
					04CD126B2947042B003ABE5D = {
						CreatedOnToolsVersion = 14.1;
					};
				};
			};
			buildConfigurationList = 04CD12672947042B003ABE5D /* Build configuration list for PBXProject "IrregularTag" */;
			compatibilityVersion = "Xcode 14.0";
			developmentRegion = en;
			hasScannedForEncodings = 0;
			knownRegions = (
				en,
				Base,
			);
			mainGroup = 04CD12632947042B003ABE5D;
			productRefGroup = 04CD126D2947042B003ABE5D /* Products */;
			projectDirPath = "";
			projectRoot = "";
			targets = (
				04CD126B2947042B003ABE5D /* IrregularTag */,
			);
		};
/* End PBXProject section */

/* Begin PBXResourcesBuildPhase section */
		04CD126A2947042B003ABE5D /* Resources */ = {
			isa = PBXResourcesBuildPhase;
			buildActionMask = 2147483647;
			files = (
				04CD127C2947042C003ABE5D /* LaunchScreen.storyboard in Resources */,
				04CD12792947042C003ABE5D /* Assets.xcassets in Resources */,
				04CD12772947042B003ABE5D /* Main.storyboard in Resources */,
				04CD1287294714DB003ABE5D /* demo.gif in Resources */,
			);
			runOnlyForDeploymentPostprocessing = 0;
		};
/* End PBXResourcesBuildPhase section */

/* Begin PBXShellScriptBuildPhase section */
		2FD26E77AE6C52475BF85FB0 /* [CP] Embed Pods Frameworks */ = {
			isa = PBXShellScriptBuildPhase;
			buildActionMask = 2147483647;
			files = (
			);
			inputFileListPaths = (
				"${PODS_ROOT}/Target Support Files/Pods-IrregularTag/Pods-IrregularTag-frameworks-${CONFIGURATION}-input-files.xcfilelist",
			);
			name = "[CP] Embed Pods Frameworks";
			outputFileListPaths = (
				"${PODS_ROOT}/Target Support Files/Pods-IrregularTag/Pods-IrregularTag-frameworks-${CONFIGURATION}-output-files.xcfilelist",
			);
			runOnlyForDeploymentPostprocessing = 0;
			shellPath = /bin/sh;
			shellScript = "\"${PODS_ROOT}/Target Support Files/Pods-IrregularTag/Pods-IrregularTag-frameworks.sh\"\n";
			showEnvVarsInLog = 0;
		};
		33230AB0EB93FE5DC69EB3ED /* [CP] Check Pods Manifest.lock */ = {
			isa = PBXShellScriptBuildPhase;
			buildActionMask = 2147483647;
			files = (
			);
			inputFileListPaths = (
			);
			inputPaths = (
				"${PODS_PODFILE_DIR_PATH}/Podfile.lock",
				"${PODS_ROOT}/Manifest.lock",
			);
			name = "[CP] Check Pods Manifest.lock";
			outputFileListPaths = (
			);
			outputPaths = (
				"$(DERIVED_FILE_DIR)/Pods-IrregularTag-checkManifestLockResult.txt",
			);
			runOnlyForDeploymentPostprocessing = 0;
			shellPath = /bin/sh;
			shellScript = "diff \"${PODS_PODFILE_DIR_PATH}/Podfile.lock\" \"${PODS_ROOT}/Manifest.lock\" > /dev/null\nif [ $? != 0 ] ; then\n    # print error to STDERR\n    echo \"error: The sandbox is not in sync with the Podfile.lock. Run 'pod install' or update your CocoaPods installation.\" >&2\n    exit 1\nfi\n# This output is used by Xcode 'outputs' to avoid re-running this script phase.\necho \"SUCCESS\" > \"${SCRIPT_OUTPUT_FILE_0}\"\n";
			showEnvVarsInLog = 0;
		};
/* End PBXShellScriptBuildPhase section */

/* Begin PBXSourcesBuildPhase section */
		04CD12682947042B003ABE5D /* Sources */ = {
			isa = PBXSourcesBuildPhase;
			buildActionMask = 2147483647;
			files = (
				04CD12742947042B003ABE5D /* ViewController.swift in Sources */,
				04CD12852947046F003ABE5D /* XHTagView.swift in Sources */,
				04CD12702947042B003ABE5D /* AppDelegate.swift in Sources */,
				04CD12722947042B003ABE5D /* SceneDelegate.swift in Sources */,
			);
			runOnlyForDeploymentPostprocessing = 0;
		};
/* End PBXSourcesBuildPhase section */

/* Begin PBXVariantGroup section */
		04CD12752947042B003ABE5D /* Main.storyboard */ = {
			isa = PBXVariantGroup;
			children = (
				04CD12762947042B003ABE5D /* Base */,
			);
			name = Main.storyboard;
			sourceTree = "<group>";
		};
		04CD127A2947042C003ABE5D /* LaunchScreen.storyboard */ = {
			isa = PBXVariantGroup;
			children = (
				04CD127B2947042C003ABE5D /* Base */,
			);
			name = LaunchScreen.storyboard;
			sourceTree = "<group>";
		};
/* End PBXVariantGroup section */

/* Begin XCBuildConfiguration section */
		04CD127E2947042C003ABE5D /* Debug */ = {
			isa = XCBuildConfiguration;
			buildSettings = {
				ALWAYS_SEARCH_USER_PATHS = NO;
				CLANG_ANALYZER_NONNULL = YES;
				CLANG_ANALYZER_NUMBER_OBJECT_CONVERSION = YES_AGGRESSIVE;
				CLANG_CXX_LANGUAGE_STANDARD = "gnu++20";
				CLANG_ENABLE_MODULES = YES;
				CLANG_ENABLE_OBJC_ARC = YES;
				CLANG_ENABLE_OBJC_WEAK = YES;
				CLANG_WARN_BLOCK_CAPTURE_AUTORELEASING = YES;
				CLANG_WARN_BOOL_CONVERSION = YES;
				CLANG_WARN_COMMA = YES;
				CLANG_WARN_CONSTANT_CONVERSION = YES;
				CLANG_WARN_DEPRECATED_OBJC_IMPLEMENTATIONS = YES;
				CLANG_WARN_DIRECT_OBJC_ISA_USAGE = YES_ERROR;
				CLANG_WARN_DOCUMENTATION_COMMENTS = YES;
				CLANG_WARN_EMPTY_BODY = YES;
				CLANG_WARN_ENUM_CONVERSION = YES;
				CLANG_WARN_INFINITE_RECURSION = YES;
				CLANG_WARN_INT_CONVERSION = YES;
				CLANG_WARN_NON_LITERAL_NULL_CONVERSION = YES;
				CLANG_WARN_OBJC_IMPLICIT_RETAIN_SELF = YES;
				CLANG_WARN_OBJC_LITERAL_CONVERSION = YES;
				CLANG_WARN_OBJC_ROOT_CLASS = YES_ERROR;
				CLANG_WARN_QUOTED_INCLUDE_IN_FRAMEWORK_HEADER = YES;
				CLANG_WARN_RANGE_LOOP_ANALYSIS = YES;
				CLANG_WARN_STRICT_PROTOTYPES = YES;
				CLANG_WARN_SUSPICIOUS_MOVE = YES;
				CLANG_WARN_UNGUARDED_AVAILABILITY = YES_AGGRESSIVE;
				CLANG_WARN_UNREACHABLE_CODE = YES;
				CLANG_WARN__DUPLICATE_METHOD_MATCH = YES;
				COPY_PHASE_STRIP = NO;
				DEBUG_INFORMATION_FORMAT = dwarf;
				ENABLE_STRICT_OBJC_MSGSEND = YES;
				ENABLE_TESTABILITY = YES;
				GCC_C_LANGUAGE_STANDARD = gnu11;
				GCC_DYNAMIC_NO_PIC = NO;
				GCC_NO_COMMON_BLOCKS = YES;
				GCC_OPTIMIZATION_LEVEL = 0;
				GCC_PREPROCESSOR_DEFINITIONS = (
					"DEBUG=1",
					"$(inherited)",
				);
				GCC_WARN_64_TO_32_BIT_CONVERSION = YES;
				GCC_WARN_ABOUT_RETURN_TYPE = YES_ERROR;
				GCC_WARN_UNDECLARED_SELECTOR = YES;
				GCC_WARN_UNINITIALIZED_AUTOS = YES_AGGRESSIVE;
				GCC_WARN_UNUSED_FUNCTION = YES;
				GCC_WARN_UNUSED_VARIABLE = YES;
				IPHONEOS_DEPLOYMENT_TARGET = 16.1;
				MTL_ENABLE_DEBUG_INFO = INCLUDE_SOURCE;
				MTL_FAST_MATH = YES;
				ONLY_ACTIVE_ARCH = YES;
				SDKROOT = iphoneos;
				SWIFT_ACTIVE_COMPILATION_CONDITIONS = DEBUG;
				SWIFT_OPTIMIZATION_LEVEL = "-Onone";
			};
			name = Debug;
		};
		04CD127F2947042C003ABE5D /* Release */ = {
			isa = XCBuildConfiguration;
			buildSettings = {
				ALWAYS_SEARCH_USER_PATHS = NO;
				CLANG_ANALYZER_NONNULL = YES;
				CLANG_ANALYZER_NUMBER_OBJECT_CONVERSION = YES_AGGRESSIVE;
				CLANG_CXX_LANGUAGE_STANDARD = "gnu++20";
				CLANG_ENABLE_MODULES = YES;
				CLANG_ENABLE_OBJC_ARC = YES;
				CLANG_ENABLE_OBJC_WEAK = YES;
				CLANG_WARN_BLOCK_CAPTURE_AUTORELEASING = YES;
				CLANG_WARN_BOOL_CONVERSION = YES;
				CLANG_WARN_COMMA = YES;
				CLANG_WARN_CONSTANT_CONVERSION = YES;
				CLANG_WARN_DEPRECATED_OBJC_IMPLEMENTATIONS = YES;
				CLANG_WARN_DIRECT_OBJC_ISA_USAGE = YES_ERROR;
				CLANG_WARN_DOCUMENTATION_COMMENTS = YES;
				CLANG_WARN_EMPTY_BODY = YES;
				CLANG_WARN_ENUM_CONVERSION = YES;
				CLANG_WARN_INFINITE_RECURSION = YES;
				CLANG_WARN_INT_CONVERSION = YES;
				CLANG_WARN_NON_LITERAL_NULL_CONVERSION = YES;
				CLANG_WARN_OBJC_IMPLICIT_RETAIN_SELF = YES;
				CLANG_WARN_OBJC_LITERAL_CONVERSION = YES;
				CLANG_WARN_OBJC_ROOT_CLASS = YES_ERROR;
				CLANG_WARN_QUOTED_INCLUDE_IN_FRAMEWORK_HEADER = YES;
				CLANG_WARN_RANGE_LOOP_ANALYSIS = YES;
				CLANG_WARN_STRICT_PROTOTYPES = YES;
				CLANG_WARN_SUSPICIOUS_MOVE = YES;
				CLANG_WARN_UNGUARDED_AVAILABILITY = YES_AGGRESSIVE;
				CLANG_WARN_UNREACHABLE_CODE = YES;
				CLANG_WARN__DUPLICATE_METHOD_MATCH = YES;
				COPY_PHASE_STRIP = NO;
				DEBUG_INFORMATION_FORMAT = "dwarf-with-dsym";
				ENABLE_NS_ASSERTIONS = NO;
				ENABLE_STRICT_OBJC_MSGSEND = YES;
				GCC_C_LANGUAGE_STANDARD = gnu11;
				GCC_NO_COMMON_BLOCKS = YES;
				GCC_WARN_64_TO_32_BIT_CONVERSION = YES;
				GCC_WARN_ABOUT_RETURN_TYPE = YES_ERROR;
				GCC_WARN_UNDECLARED_SELECTOR = YES;
				GCC_WARN_UNINITIALIZED_AUTOS = YES_AGGRESSIVE;
				GCC_WARN_UNUSED_FUNCTION = YES;
				GCC_WARN_UNUSED_VARIABLE = YES;
				IPHONEOS_DEPLOYMENT_TARGET = 16.1;
				MTL_ENABLE_DEBUG_INFO = NO;
				MTL_FAST_MATH = YES;
				SDKROOT = iphoneos;
				SWIFT_COMPILATION_MODE = wholemodule;
				SWIFT_OPTIMIZATION_LEVEL = "-O";
				VALIDATE_PRODUCT = YES;
			};
			name = Release;
		};
		04CD12812947042C003ABE5D /* Debug */ = {
			isa = XCBuildConfiguration;
			baseConfigurationReference = 34565A366D32566561269890 /* Pods-IrregularTag.debug.xcconfig */;
			buildSettings = {
				ASSETCATALOG_COMPILER_APPICON_NAME = AppIcon;
				ASSETCATALOG_COMPILER_GLOBAL_ACCENT_COLOR_NAME = AccentColor;
				CODE_SIGN_STYLE = Automatic;
				CURRENT_PROJECT_VERSION = 1;
				DEVELOPMENT_TEAM = 58QT68V58G;
				GENERATE_INFOPLIST_FILE = YES;
				INFOPLIST_FILE = IrregularTag/Info.plist;
				INFOPLIST_KEY_UIApplicationSupportsIndirectInputEvents = YES;
				INFOPLIST_KEY_UILaunchStoryboardName = LaunchScreen;
				INFOPLIST_KEY_UIMainStoryboardFile = Main;
				INFOPLIST_KEY_UISupportedInterfaceOrientations_iPad = "UIInterfaceOrientationPortrait UIInterfaceOrientationPortraitUpsideDown UIInterfaceOrientationLandscapeLeft UIInterfaceOrientationLandscapeRight";
				INFOPLIST_KEY_UISupportedInterfaceOrientations_iPhone = "UIInterfaceOrientationPortrait UIInterfaceOrientationLandscapeLeft UIInterfaceOrientationLandscapeRight";
				LD_RUNPATH_SEARCH_PATHS = (
					"$(inherited)",
					"@executable_path/Frameworks",
				);
				MARKETING_VERSION = 1.0;
				PRODUCT_BUNDLE_IDENTIFIER = com.xh.irregularTag.IrregularTag;
				PRODUCT_NAME = "$(TARGET_NAME)";
				SWIFT_EMIT_LOC_STRINGS = YES;
				SWIFT_VERSION = 5.0;
				TARGETED_DEVICE_FAMILY = "1,2";
			};
			name = Debug;
		};
		04CD12822947042C003ABE5D /* Release */ = {
			isa = XCBuildConfiguration;
			baseConfigurationReference = 917C38F368BB609F963E963E /* Pods-IrregularTag.release.xcconfig */;
			buildSettings = {
				ASSETCATALOG_COMPILER_APPICON_NAME = AppIcon;
				ASSETCATALOG_COMPILER_GLOBAL_ACCENT_COLOR_NAME = AccentColor;
				CODE_SIGN_STYLE = Automatic;
				CURRENT_PROJECT_VERSION = 1;
				DEVELOPMENT_TEAM = 58QT68V58G;
				GENERATE_INFOPLIST_FILE = YES;
				INFOPLIST_FILE = IrregularTag/Info.plist;
				INFOPLIST_KEY_UIApplicationSupportsIndirectInputEvents = YES;
				INFOPLIST_KEY_UILaunchStoryboardName = LaunchScreen;
				INFOPLIST_KEY_UIMainStoryboardFile = Main;
				INFOPLIST_KEY_UISupportedInterfaceOrientations_iPad = "UIInterfaceOrientationPortrait UIInterfaceOrientationPortraitUpsideDown UIInterfaceOrientationLandscapeLeft UIInterfaceOrientationLandscapeRight";
				INFOPLIST_KEY_UISupportedInterfaceOrientations_iPhone = "UIInterfaceOrientationPortrait UIInterfaceOrientationLandscapeLeft UIInterfaceOrientationLandscapeRight";
				LD_RUNPATH_SEARCH_PATHS = (
					"$(inherited)",
					"@executable_path/Frameworks",
				);
				MARKETING_VERSION = 1.0;
				PRODUCT_BUNDLE_IDENTIFIER = com.xh.irregularTag.IrregularTag;
				PRODUCT_NAME = "$(TARGET_NAME)";
				SWIFT_EMIT_LOC_STRINGS = YES;
				SWIFT_VERSION = 5.0;
				TARGETED_DEVICE_FAMILY = "1,2";
			};
			name = Release;
		};
/* End XCBuildConfiguration section */

/* Begin XCConfigurationList section */
		04CD12672947042B003ABE5D /* Build configuration list for PBXProject "IrregularTag" */ = {
			isa = XCConfigurationList;
			buildConfigurations = (
				04CD127E2947042C003ABE5D /* Debug */,
				04CD127F2947042C003ABE5D /* Release */,
			);
			defaultConfigurationIsVisible = 0;
			defaultConfigurationName = Release;
		};
		04CD12802947042C003ABE5D /* Build configuration list for PBXNativeTarget "IrregularTag" */ = {
			isa = XCConfigurationList;
			buildConfigurations = (
				04CD12812947042C003ABE5D /* Debug */,
				04CD12822947042C003ABE5D /* Release */,
			);
			defaultConfigurationIsVisible = 0;
			defaultConfigurationName = Release;
		};
/* End XCConfigurationList section */
	};
	rootObject = 04CD12642947042B003ABE5D /* Project object */;
}
